// !$*UTF8*$!
{
	archiveVersion = 1;
	classes = {
	};
	objectVersion = 48;
	objects = {

/* Begin PBXBuildFile section */
		65F056712082EF0F00BACB0B /* MergeSort.c in Sources */ = {isa = PBXBuildFile; fileRef = 65F0566E2082E49B00BACB0B /* MergeSort.c */; };
/* End PBXBuildFile section */

/* Begin PBXCopyFilesBuildPhase section */
		6552D62F2051733400D98226 /* CopyFiles */ = {
			isa = PBXCopyFilesBuildPhase;
			buildActionMask = 2147483647;
			dstPath = /usr/share/man/man1/;
			dstSubfolderSpec = 0;
			files = (
			);
			runOnlyForDeploymentPostprocessing = 1;
		};
/* End PBXCopyFilesBuildPhase section */

/* Begin PBXFileReference section */
		6504391E2079DD190080BAD2 /* PriorityHeap.h */ = {isa = PBXFileReference; lastKnownFileType = sourcecode.c.h; path = PriorityHeap.h; sourceTree = "<group>"; };
		6504391F2079DD190080BAD2 /* PriorityHeap.c */ = {isa = PBXFileReference; lastKnownFileType = sourcecode.c.c; path = PriorityHeap.c; sourceTree = "<group>"; };
		650439212079F4F30080BAD2 /* PriorityHeapMain.c */ = {isa = PBXFileReference; lastKnownFileType = sourcecode.c.c; path = PriorityHeapMain.c; sourceTree = "<group>"; };
		650E9F84206F7E8400BBA391 /* BinaryTree.h */ = {isa = PBXFileReference; lastKnownFileType = sourcecode.c.h; path = BinaryTree.h; sourceTree = "<group>"; };
		650E9F85206F7E8400BBA391 /* BinaryTree.c */ = {isa = PBXFileReference; lastKnownFileType = sourcecode.c.c; path = BinaryTree.c; sourceTree = "<group>"; };
		650E9F87206F7EC500BBA391 /* BinaryTreeMain.c */ = {isa = PBXFileReference; lastKnownFileType = sourcecode.c.c; path = BinaryTreeMain.c; sourceTree = "<group>"; };
		65123133206B4F2E00942BFB /* CircularQueue.h */ = {isa = PBXFileReference; lastKnownFileType = sourcecode.c.h; path = CircularQueue.h; sourceTree = "<group>"; };
		65123134206B4F2E00942BFB /* CircularQueue.c */ = {isa = PBXFileReference; lastKnownFileType = sourcecode.c.c; path = CircularQueue.c; sourceTree = "<group>"; };
		65123138206B54F600942BFB /* CircularQueueMain.c */ = {isa = PBXFileReference; lastKnownFileType = sourcecode.c.c; path = CircularQueueMain.c; sourceTree = "<group>"; };
		6512313E206B5E5F00942BFB /* ListBaseQueue.h */ = {isa = PBXFileReference; lastKnownFileType = sourcecode.c.h; path = ListBaseQueue.h; sourceTree = "<group>"; };
		6512313F206B5E5F00942BFB /* ListBaseQueue.c */ = {isa = PBXFileReference; lastKnownFileType = sourcecode.c.c; path = ListBaseQueue.c; sourceTree = "<group>"; };
		65123143206B643600942BFB /* ListBaseQueueMain.c */ = {isa = PBXFileReference; lastKnownFileType = sourcecode.c.c; path = ListBaseQueueMain.c; sourceTree = "<group>"; };
		651BDF01205A3904006D0929 /* CLinkedList.h */ = {isa = PBXFileReference; fileEncoding = 4; lastKnownFileType = sourcecode.c.h; path = CLinkedList.h; sourceTree = "<group>"; };
		651BDF02205A3904006D0929 /* CLinkedListMain.c */ = {isa = PBXFileReference; fileEncoding = 4; lastKnownFileType = sourcecode.c.c; path = CLinkedListMain.c; sourceTree = "<group>"; };
		651BDF03205A3904006D0929 /* CLinkedList.c */ = {isa = PBXFileReference; fileEncoding = 4; lastKnownFileType = sourcecode.c.c; path = CLinkedList.c; sourceTree = "<group>"; };
		6534B8FF20627B5900F589F7 /* DBLinkedListMain.c */ = {isa = PBXFileReference; lastKnownFileType = sourcecode.c.c; path = DBLinkedListMain.c; sourceTree = "<group>"; };
		653AC41B2053A76400027325 /* ArrayList.h */ = {isa = PBXFileReference; lastKnownFileType = sourcecode.c.h; path = ArrayList.h; sourceTree = "<group>"; };
		653AC41C2053A76400027325 /* ArrayList.c */ = {isa = PBXFileReference; lastKnownFileType = sourcecode.c.c; path = ArrayList.c; sourceTree = "<group>"; };
		653AC41F2053A7CB00027325 /* ArrayListMethodPrac.c */ = {isa = PBXFileReference; lastKnownFileType = sourcecode.c.c; path = ArrayListMethodPrac.c; sourceTree = "<group>"; };
		653E1D4C20525B4700487E32 /* ArrayListMain.c */ = {isa = PBXFileReference; lastKnownFileType = sourcecode.c.c; path = ArrayListMain.c; sourceTree = "<group>"; };
		654996562069FB1900E3A5DC /* ListBaseStack.h */ = {isa = PBXFileReference; lastKnownFileType = sourcecode.c.h; path = ListBaseStack.h; sourceTree = "<group>"; };
		654996572069FB1900E3A5DC /* ListBaseStack.c */ = {isa = PBXFileReference; lastKnownFileType = sourcecode.c.c; path = ListBaseStack.c; sourceTree = "<group>"; };
		6552D6312051733400D98226 /* DataStructure */ = {isa = PBXFileReference; explicitFileType = "compiled.mach-o.executable"; includeInIndex = 0; path = DataStructure; sourceTree = BUILT_PRODUCTS_DIR; };
		6552D6342051733400D98226 /* LinearSearch.c */ = {isa = PBXFileReference; lastKnownFileType = sourcecode.c.c; path = LinearSearch.c; sourceTree = "<group>"; };
		656297162053BB0A00064E6C /* Point.h */ = {isa = PBXFileReference; lastKnownFileType = sourcecode.c.h; path = Point.h; sourceTree = "<group>"; };
		656297172053BB0A00064E6C /* Point.c */ = {isa = PBXFileReference; lastKnownFileType = sourcecode.c.c; path = Point.c; sourceTree = "<group>"; };
		6562971A2053C0AF00064E6C /* PointListMain.c */ = {isa = PBXFileReference; lastKnownFileType = sourcecode.c.c; path = PointListMain.c; sourceTree = "<group>"; };
		6567D3DF206DEBE20080D433 /* Deque.h */ = {isa = PBXFileReference; fileEncoding = 4; lastKnownFileType = sourcecode.c.h; path = Deque.h; sourceTree = "<group>"; };
		6567D3E0206DEBE20080D433 /* Deque.c */ = {isa = PBXFileReference; fileEncoding = 4; lastKnownFileType = sourcecode.c.c; path = Deque.c; sourceTree = "<group>"; };
		6567D3E2206DEC030080D433 /* DequeBaseQueue.h */ = {isa = PBXFileReference; lastKnownFileType = sourcecode.c.h; path = DequeBaseQueue.h; sourceTree = "<group>"; };
		6567D3E3206DEC030080D433 /* DequeBaseQueue.c */ = {isa = PBXFileReference; lastKnownFileType = sourcecode.c.c; path = DequeBaseQueue.c; sourceTree = "<group>"; };
		6567D3E5206DEE1C0080D433 /* DequeBaseQueueMain.c */ = {isa = PBXFileReference; lastKnownFileType = sourcecode.c.c; path = DequeBaseQueueMain.c; sourceTree = "<group>"; };
		658ABC99206A854A0056D41C /* InfixToPostfix.h */ = {isa = PBXFileReference; lastKnownFileType = sourcecode.c.h; path = InfixToPostfix.h; sourceTree = "<group>"; };
		658ABC9A206A854A0056D41C /* InfixToPostfix.c */ = {isa = PBXFileReference; lastKnownFileType = sourcecode.c.c; path = InfixToPostfix.c; sourceTree = "<group>"; };
		658ABC9C206A99320056D41C /* PostCalculator.h */ = {isa = PBXFileReference; lastKnownFileType = sourcecode.c.h; path = PostCalculator.h; sourceTree = "<group>"; };
		658ABC9D206A99320056D41C /* PostCalculator.c */ = {isa = PBXFileReference; lastKnownFileType = sourcecode.c.c; path = PostCalculator.c; sourceTree = "<group>"; };
		658ABC9F206A9F280056D41C /* InfixCalculator.h */ = {isa = PBXFileReference; lastKnownFileType = sourcecode.c.h; path = InfixCalculator.h; sourceTree = "<group>"; };
		658ABCA0206A9F280056D41C /* InfixCalculator.c */ = {isa = PBXFileReference; lastKnownFileType = sourcecode.c.c; path = InfixCalculator.c; sourceTree = "<group>"; };
		658ABCA2206AA0730056D41C /* InfixCalculatorMain.c */ = {isa = PBXFileReference; lastKnownFileType = sourcecode.c.c; path = InfixCalculatorMain.c; sourceTree = "<group>"; };
		659206A120733ED8007A3C50 /* ExpressionTree.h */ = {isa = PBXFileReference; lastKnownFileType = sourcecode.c.h; path = ExpressionTree.h; sourceTree = "<group>"; };
		659206A220733ED8007A3C50 /* ExpressionTree.c */ = {isa = PBXFileReference; lastKnownFileType = sourcecode.c.c; path = ExpressionTree.c; sourceTree = "<group>"; };
		659206A420733F15007A3C50 /* ListBaseStack.c */ = {isa = PBXFileReference; fileEncoding = 4; lastKnownFileType = sourcecode.c.c; path = ListBaseStack.c; sourceTree = "<group>"; };
		659206A520733F15007A3C50 /* ListBaseStack.h */ = {isa = PBXFileReference; fileEncoding = 4; lastKnownFileType = sourcecode.c.h; path = ListBaseStack.h; sourceTree = "<group>"; };
		659206A720733F42007A3C50 /* BinaryTree.c */ = {isa = PBXFileReference; fileEncoding = 4; lastKnownFileType = sourcecode.c.c; path = BinaryTree.c; sourceTree = "<group>"; };
		659206A820733F43007A3C50 /* BinaryTree.h */ = {isa = PBXFileReference; fileEncoding = 4; lastKnownFileType = sourcecode.c.h; path = BinaryTree.h; sourceTree = "<group>"; };
		659206B620734AA1007A3C50 /* ExpressionMain.c */ = {isa = PBXFileReference; lastKnownFileType = sourcecode.c.c; path = ExpressionMain.c; sourceTree = "<group>"; };
		65D0F3872058E49400A4BE83 /* CLinkedList.h */ = {isa = PBXFileReference; lastKnownFileType = sourcecode.c.h; path = CLinkedList.h; sourceTree = "<group>"; };
		65D0F3882058E49400A4BE83 /* CLinkedList.c */ = {isa = PBXFileReference; lastKnownFileType = sourcecode.c.c; path = CLinkedList.c; sourceTree = "<group>"; };
		65D0F38C2058E4B700A4BE83 /* CLinkedListMain.c */ = {isa = PBXFileReference; lastKnownFileType = sourcecode.c.c; path = CLinkedListMain.c; sourceTree = "<group>"; };
		65DAE3B0206BDE82006EA7C3 /* Deque.h */ = {isa = PBXFileReference; lastKnownFileType = sourcecode.c.h; path = Deque.h; sourceTree = "<group>"; };
		65DAE3B1206BDE82006EA7C3 /* Deque.c */ = {isa = PBXFileReference; lastKnownFileType = sourcecode.c.c; path = Deque.c; sourceTree = "<group>"; };
		65E2D68E206D273800419BE9 /* DequeMain.c */ = {isa = PBXFileReference; lastKnownFileType = sourcecode.c.c; path = DequeMain.c; sourceTree = "<group>"; };
		65E3FDD220620E3800B08503 /* DBLinkedList.h */ = {isa = PBXFileReference; lastKnownFileType = sourcecode.c.h; path = DBLinkedList.h; sourceTree = "<group>"; };
		65E3FDD320620E3800B08503 /* DBLinkedList.c */ = {isa = PBXFileReference; lastKnownFileType = sourcecode.c.c; path = DBLinkedList.c; sourceTree = "<group>"; };
		65E3FDD72062175400B08503 /* DBLinkedListDummy.h */ = {isa = PBXFileReference; lastKnownFileType = sourcecode.c.h; path = DBLinkedListDummy.h; sourceTree = "<group>"; };
		65E3FDD82062175400B08503 /* DBLinkedListDummy.c */ = {isa = PBXFileReference; lastKnownFileType = sourcecode.c.c; path = DBLinkedListDummy.c; sourceTree = "<group>"; };
		65E3FDDD206229BA00B08503 /* DBDLinkedListMain.c */ = {isa = PBXFileReference; lastKnownFileType = sourcecode.c.c; path = DBDLinkedListMain.c; sourceTree = "<group>"; };
		65E5BC312069293000283AAA /* ListBaseStackMain.c */ = {isa = PBXFileReference; fileEncoding = 4; lastKnownFileType = sourcecode.c.c; path = ListBaseStackMain.c; sourceTree = "<group>"; };
		65E5BC322069293000283AAA /* ListBaseStack.c */ = {isa = PBXFileReference; fileEncoding = 4; lastKnownFileType = sourcecode.c.c; path = ListBaseStack.c; sourceTree = "<group>"; };
		65E5BC332069293000283AAA /* ListBaseStack.h */ = {isa = PBXFileReference; fileEncoding = 4; lastKnownFileType = sourcecode.c.h; path = ListBaseStack.h; sourceTree = "<group>"; };
		65EBFC2220578DA10074E526 /* DLinkedList.h */ = {isa = PBXFileReference; lastKnownFileType = sourcecode.c.h; path = DLinkedList.h; sourceTree = "<group>"; };
		65EBFC2320578DA10074E526 /* DLinkedList.c */ = {isa = PBXFileReference; lastKnownFileType = sourcecode.c.c; path = DLinkedList.c; sourceTree = "<group>"; };
		65EBFC2720579DC90074E526 /* DLinkedListMain.c */ = {isa = PBXFileReference; lastKnownFileType = sourcecode.c.c; path = DLinkedListMain.c; sourceTree = "<group>"; };
		65EEB0D02064C8FE009A9E30 /* ArrayBaseStack.h */ = {isa = PBXFileReference; lastKnownFileType = sourcecode.c.h; path = ArrayBaseStack.h; sourceTree = "<group>"; };
		65EEB0D12064C8FE009A9E30 /* ArrayBaseStack.c */ = {isa = PBXFileReference; lastKnownFileType = sourcecode.c.c; path = ArrayBaseStack.c; sourceTree = "<group>"; };
		65EEB0D32064C91B009A9E30 /* ArrayBaseStackMain.c */ = {isa = PBXFileReference; lastKnownFileType = sourcecode.c.c; path = ArrayBaseStackMain.c; sourceTree = "<group>"; };
		65F056682082E01800BACB0B /* InsertionSort.c */ = {isa = PBXFileReference; lastKnownFileType = sourcecode.c.c; path = InsertionSort.c; sourceTree = "<group>"; };
		65F0566E2082E49B00BACB0B /* MergeSort.c */ = {isa = PBXFileReference; lastKnownFileType = sourcecode.c.c; path = MergeSort.c; sourceTree = "<group>"; };
		65F2D77D20518DBC00B6C381 /* Fibo.c */ = {isa = PBXFileReference; lastKnownFileType = sourcecode.c.c; path = Fibo.c; sourceTree = "<group>"; };
		65F2F14C2054E3F7002F47BE /* NameCard.h */ = {isa = PBXFileReference; lastKnownFileType = sourcecode.c.h; path = NameCard.h; sourceTree = "<group>"; };
		65F2F14D2054E3F7002F47BE /* NameCard.c */ = {isa = PBXFileReference; lastKnownFileType = sourcecode.c.c; path = NameCard.c; sourceTree = "<group>"; };
		65F2F14F2054EA59002F47BE /* NameCardMain.c */ = {isa = PBXFileReference; lastKnownFileType = sourcecode.c.c; path = NameCardMain.c; sourceTree = "<group>"; };
		65F2F1552054F4CA002F47BE /* NameCard.c */ = {isa = PBXFileReference; fileEncoding = 4; lastKnownFileType = sourcecode.c.c; name = NameCard.c; path = "../../Data_Structure_Src/Ch03/Prob03-2/NameCard.c"; sourceTree = "<group>"; };
		65F2F1562054F4CA002F47BE /* ArrayList.c */ = {isa = PBXFileReference; fileEncoding = 4; lastKnownFileType = sourcecode.c.c; name = ArrayList.c; path = "../../Data_Structure_Src/Ch03/Prob03-2/ArrayList.c"; sourceTree = "<group>"; };
		65F2F1572054F4CA002F47BE /* ArrayList.h */ = {isa = PBXFileReference; fileEncoding = 4; lastKnownFileType = sourcecode.c.h; name = ArrayList.h; path = "../../Data_Structure_Src/Ch03/Prob03-2/ArrayList.h"; sourceTree = "<group>"; };
		65F2F1582054F4CB002F47BE /* NameCard.h */ = {isa = PBXFileReference; fileEncoding = 4; lastKnownFileType = sourcecode.c.h; name = NameCard.h; path = "../../Data_Structure_Src/Ch03/Prob03-2/NameCard.h"; sourceTree = "<group>"; };
		65F2F1592054F4CB002F47BE /* NameCardListMain.c */ = {isa = PBXFileReference; fileEncoding = 4; lastKnownFileType = sourcecode.c.c; name = NameCardListMain.c; path = "../../Data_Structure_Src/Ch03/Prob03-2/NameCardListMain.c"; sourceTree = "<group>"; };
		65F2F1682054F6BA002F47BE /* ListUseMain.c */ = {isa = PBXFileReference; fileEncoding = 4; lastKnownFileType = sourcecode.c.c; name = ListUseMain.c; path = "../../Data_Structure_Src/Ch03/Prob03-1/ListUseMain.c"; sourceTree = "<group>"; };
		65F2F16A2054F6BA002F47BE /* ArrayList.h */ = {isa = PBXFileReference; fileEncoding = 4; lastKnownFileType = sourcecode.c.h; name = ArrayList.h; path = "../../Data_Structure_Src/Ch03/Prob03-1/ArrayList.h"; sourceTree = "<group>"; };
		65F2F16E20550439002F47BE /* LinkedRead.c */ = {isa = PBXFileReference; lastKnownFileType = sourcecode.c.c; path = LinkedRead.c; sourceTree = "<group>"; };
		65F2F17120555C95002F47BE /* free.c */ = {isa = PBXFileReference; lastKnownFileType = sourcecode.c.c; path = free.c; sourceTree = "<group>"; };
		65F7165B207BA1A100A62301 /* BubbleSort.c */ = {isa = PBXFileReference; lastKnownFileType = sourcecode.c.c; path = BubbleSort.c; sourceTree = "<group>"; };
		65F7165F207BABDF00A62301 /* SelectionSort.c */ = {isa = PBXFileReference; lastKnownFileType = sourcecode.c.c; path = SelectionSort.c; sourceTree = "<group>"; };
/* End PBXFileReference section */

/* Begin PBXFrameworksBuildPhase section */
		6552D62E2051733400D98226 /* Frameworks */ = {
			isa = PBXFrameworksBuildPhase;
			buildActionMask = 2147483647;
			files = (
			);
			runOnlyForDeploymentPostprocessing = 0;
		};
/* End PBXFrameworksBuildPhase section */

/* Begin PBXGroup section */
		6504391D2079DCDC0080BAD2 /* Heap_Priority */ = {
			isa = PBXGroup;
			children = (
				6504391E2079DD190080BAD2 /* PriorityHeap.h */,
				6504391F2079DD190080BAD2 /* PriorityHeap.c */,
				650439212079F4F30080BAD2 /* PriorityHeapMain.c */,
			);
			path = Heap_Priority;
			sourceTree = "<group>";
		};
		65123132206B4E9600942BFB /* Queue_Circular */ = {
			isa = PBXGroup;
			children = (
				65123133206B4F2E00942BFB /* CircularQueue.h */,
				65123134206B4F2E00942BFB /* CircularQueue.c */,
				65123138206B54F600942BFB /* CircularQueueMain.c */,
			);
			path = Queue_Circular;
			sourceTree = "<group>";
		};
		6512313D206B5E4300942BFB /* Queue_LinkedList */ = {
			isa = PBXGroup;
			children = (
				6512313E206B5E5F00942BFB /* ListBaseQueue.h */,
				6512313F206B5E5F00942BFB /* ListBaseQueue.c */,
				65123143206B643600942BFB /* ListBaseQueueMain.c */,
			);
			path = Queue_LinkedList;
			sourceTree = "<group>";
		};
		653AC41A2053A75100027325 /* ArrayList */ = {
			isa = PBXGroup;
			children = (
				653E1D4C20525B4700487E32 /* ArrayListMain.c */,
				653AC41F2053A7CB00027325 /* ArrayListMethodPrac.c */,
			);
			path = ArrayList;
			sourceTree = "<group>";
		};
		653AC4212053AFD600027325 /* LinearSearch */ = {
			isa = PBXGroup;
			children = (
				6552D6342051733400D98226 /* LinearSearch.c */,
			);
			path = LinearSearch;
			sourceTree = "<group>";
		};
		6546932D20694A740092FE75 /* Stack_Calculator */ = {
			isa = PBXGroup;
			children = (
				654996562069FB1900E3A5DC /* ListBaseStack.h */,
				654996572069FB1900E3A5DC /* ListBaseStack.c */,
				658ABC99206A854A0056D41C /* InfixToPostfix.h */,
				658ABC9A206A854A0056D41C /* InfixToPostfix.c */,
				658ABC9C206A99320056D41C /* PostCalculator.h */,
				658ABC9D206A99320056D41C /* PostCalculator.c */,
				658ABC9F206A9F280056D41C /* InfixCalculator.h */,
				658ABCA0206A9F280056D41C /* InfixCalculator.c */,
				658ABCA2206AA0730056D41C /* InfixCalculatorMain.c */,
			);
			path = Stack_Calculator;
			sourceTree = "<group>";
		};
		6552D6282051733400D98226 = {
			isa = PBXGroup;
			children = (
				65F0566D2082E48300BACB0B /* MergeSort */,
				65F056672082DFF600BACB0B /* InsertionSort */,
				65F7165E207BABC800A62301 /* SelectionSort */,
				65F7165A207BA17800A62301 /* BubbleSort */,
				6504391D2079DCDC0080BAD2 /* Heap_Priority */,
				659206A020733EAE007A3C50 /* ExpressionTree */,
				65DE985D206F7D5300A0F303 /* BinaryTree */,
				6567D3DD206DEB750080D433 /* Queue_UsingDeque */,
				65DAE3AA206BDE1D006EA7C3 /* Deque_DoublyLinkedList */,
				6512313D206B5E4300942BFB /* Queue_LinkedList */,
				65123132206B4E9600942BFB /* Queue_Circular */,
				6546932D20694A740092FE75 /* Stack_Calculator */,
				65E5BC302069290300283AAA /* Stack_LinkedListBase */,
				65EEB0CF2064C8D0009A9E30 /* Stack_ArrayBase */,
				65E3FDD62062170800B08503 /* LinkedList_Doubly_Dummy_Ver */,
				65E3FDD120620DE500B08503 /* LinkedList_Doubly_Ver */,
				65A033E6205A38A30049F394 /* LinkedList_Circle_Exercise */,
				65D0F3862058E42300A4BE83 /* LinkedList_Circle_Ver */,
				65EBFC2120578D790074E526 /* LinkedList_DummyNode_Ver */,
				65F2F17020555C7E002F47BE /* FREE */,
				65F2F16D2055041F002F47BE /* LinkedRead */,
				65F2F1672054F69C002F47BE /* Problem3-1 */,
				65F2F1542054F4A2002F47BE /* Problem3-2 */,
				65F2F14B2054E3C3002F47BE /* List_Exercise */,
				656297152053BADF00064E6C /* ArrayList_Struct_ver */,
				653AC4212053AFD600027325 /* LinearSearch */,
				653AC41A2053A75100027325 /* ArrayList */,
				6552D6332051733400D98226 /* Recursion */,
				6552D6322051733400D98226 /* Products */,
			);
			sourceTree = "<group>";
		};
		6552D6322051733400D98226 /* Products */ = {
			isa = PBXGroup;
			children = (
				6552D6312051733400D98226 /* DataStructure */,
			);
			name = Products;
			sourceTree = "<group>";
		};
		6552D6332051733400D98226 /* Recursion */ = {
			isa = PBXGroup;
			children = (
				65F2D77D20518DBC00B6C381 /* Fibo.c */,
			);
			path = Recursion;
			sourceTree = "<group>";
		};
		656297152053BADF00064E6C /* ArrayList_Struct_ver */ = {
			isa = PBXGroup;
			children = (
				656297162053BB0A00064E6C /* Point.h */,
				656297172053BB0A00064E6C /* Point.c */,
				6562971A2053C0AF00064E6C /* PointListMain.c */,
			);
			path = ArrayList_Struct_ver;
			sourceTree = "<group>";
		};
		6567D3DD206DEB750080D433 /* Queue_UsingDeque */ = {
			isa = PBXGroup;
			children = (
				6567D3E0206DEBE20080D433 /* Deque.c */,
				6567D3DF206DEBE20080D433 /* Deque.h */,
				6567D3E2206DEC030080D433 /* DequeBaseQueue.h */,
				6567D3E3206DEC030080D433 /* DequeBaseQueue.c */,
				6567D3E5206DEE1C0080D433 /* DequeBaseQueueMain.c */,
			);
			path = Queue_UsingDeque;
			sourceTree = "<group>";
		};
		659206A020733EAE007A3C50 /* ExpressionTree */ = {
			isa = PBXGroup;
			children = (
				659206A720733F42007A3C50 /* BinaryTree.c */,
				659206A820733F43007A3C50 /* BinaryTree.h */,
				659206A420733F15007A3C50 /* ListBaseStack.c */,
				659206A520733F15007A3C50 /* ListBaseStack.h */,
				659206A120733ED8007A3C50 /* ExpressionTree.h */,
				659206A220733ED8007A3C50 /* ExpressionTree.c */,
				659206B620734AA1007A3C50 /* ExpressionMain.c */,
			);
			path = ExpressionTree;
			sourceTree = "<group>";
		};
		65A033E6205A38A30049F394 /* LinkedList_Circle_Exercise */ = {
			isa = PBXGroup;
			children = (
				651BDF03205A3904006D0929 /* CLinkedList.c */,
				651BDF01205A3904006D0929 /* CLinkedList.h */,
				651BDF02205A3904006D0929 /* CLinkedListMain.c */,
			);
			path = LinkedList_Circle_Exercise;
			sourceTree = "<group>";
		};
		65D0F3862058E42300A4BE83 /* LinkedList_Circle_Ver */ = {
			isa = PBXGroup;
			children = (
				65D0F3872058E49400A4BE83 /* CLinkedList.h */,
				65D0F3882058E49400A4BE83 /* CLinkedList.c */,
				65D0F38C2058E4B700A4BE83 /* CLinkedListMain.c */,
			);
			path = LinkedList_Circle_Ver;
			sourceTree = "<group>";
		};
		65DAE3AA206BDE1D006EA7C3 /* Deque_DoublyLinkedList */ = {
			isa = PBXGroup;
			children = (
				65DAE3B0206BDE82006EA7C3 /* Deque.h */,
				65DAE3B1206BDE82006EA7C3 /* Deque.c */,
				65E2D68E206D273800419BE9 /* DequeMain.c */,
			);
			path = Deque_DoublyLinkedList;
			sourceTree = "<group>";
		};
		65DE985D206F7D5300A0F303 /* BinaryTree */ = {
			isa = PBXGroup;
			children = (
				650E9F84206F7E8400BBA391 /* BinaryTree.h */,
				650E9F85206F7E8400BBA391 /* BinaryTree.c */,
				650E9F87206F7EC500BBA391 /* BinaryTreeMain.c */,
			);
			path = BinaryTree;
			sourceTree = "<group>";
		};
		65E3FDD120620DE500B08503 /* LinkedList_Doubly_Ver */ = {
			isa = PBXGroup;
			children = (
				65E3FDD220620E3800B08503 /* DBLinkedList.h */,
				65E3FDD320620E3800B08503 /* DBLinkedList.c */,
				6534B8FF20627B5900F589F7 /* DBLinkedListMain.c */,
			);
			path = LinkedList_Doubly_Ver;
			sourceTree = "<group>";
		};
		65E3FDD62062170800B08503 /* LinkedList_Doubly_Dummy_Ver */ = {
			isa = PBXGroup;
			children = (
				65E3FDD72062175400B08503 /* DBLinkedListDummy.h */,
				65E3FDD82062175400B08503 /* DBLinkedListDummy.c */,
				65E3FDDD206229BA00B08503 /* DBDLinkedListMain.c */,
			);
			path = LinkedList_Doubly_Dummy_Ver;
			sourceTree = "<group>";
		};
		65E5BC302069290300283AAA /* Stack_LinkedListBase */ = {
			isa = PBXGroup;
			children = (
				65E5BC322069293000283AAA /* ListBaseStack.c */,
				65E5BC332069293000283AAA /* ListBaseStack.h */,
				65E5BC312069293000283AAA /* ListBaseStackMain.c */,
			);
			path = Stack_LinkedListBase;
			sourceTree = "<group>";
		};
		65EBFC2120578D790074E526 /* LinkedList_DummyNode_Ver */ = {
			isa = PBXGroup;
			children = (
				65EBFC2220578DA10074E526 /* DLinkedList.h */,
				65EBFC2320578DA10074E526 /* DLinkedList.c */,
				65EBFC2720579DC90074E526 /* DLinkedListMain.c */,
			);
			path = LinkedList_DummyNode_Ver;
			sourceTree = "<group>";
		};
		65EEB0CF2064C8D0009A9E30 /* Stack_ArrayBase */ = {
			isa = PBXGroup;
			children = (
				65EEB0D02064C8FE009A9E30 /* ArrayBaseStack.h */,
				65EEB0D12064C8FE009A9E30 /* ArrayBaseStack.c */,
				65EEB0D32064C91B009A9E30 /* ArrayBaseStackMain.c */,
			);
			path = Stack_ArrayBase;
			sourceTree = "<group>";
		};
		65F056672082DFF600BACB0B /* InsertionSort */ = {
			isa = PBXGroup;
			children = (
				65F056682082E01800BACB0B /* InsertionSort.c */,
			);
			path = InsertionSort;
			sourceTree = "<group>";
		};
		65F0566D2082E48300BACB0B /* MergeSort */ = {
			isa = PBXGroup;
			children = (
				65F0566E2082E49B00BACB0B /* MergeSort.c */,
			);
			path = MergeSort;
			sourceTree = "<group>";
		};
		65F2F14B2054E3C3002F47BE /* List_Exercise */ = {
			isa = PBXGroup;
			children = (
				65F2F14C2054E3F7002F47BE /* NameCard.h */,
				65F2F14D2054E3F7002F47BE /* NameCard.c */,
				65F2F14F2054EA59002F47BE /* NameCardMain.c */,
				653AC41C2053A76400027325 /* ArrayList.c */,
				653AC41B2053A76400027325 /* ArrayList.h */,
			);
			path = List_Exercise;
			sourceTree = "<group>";
		};
		65F2F1542054F4A2002F47BE /* Problem3-2 */ = {
			isa = PBXGroup;
			children = (
				65F2F1562054F4CA002F47BE /* ArrayList.c */,
				65F2F1572054F4CA002F47BE /* ArrayList.h */,
				65F2F1552054F4CA002F47BE /* NameCard.c */,
				65F2F1582054F4CB002F47BE /* NameCard.h */,
				65F2F1592054F4CB002F47BE /* NameCardListMain.c */,
			);
			path = "Problem3-2";
			sourceTree = "<group>";
		};
		65F2F1672054F69C002F47BE /* Problem3-1 */ = {
			isa = PBXGroup;
			children = (
				65F2F16A2054F6BA002F47BE /* ArrayList.h */,
				65F2F1682054F6BA002F47BE /* ListUseMain.c */,
			);
			path = "Problem3-1";
			sourceTree = "<group>";
		};
		65F2F16D2055041F002F47BE /* LinkedRead */ = {
			isa = PBXGroup;
			children = (
				65F2F16E20550439002F47BE /* LinkedRead.c */,
			);
			path = LinkedRead;
			sourceTree = "<group>";
		};
		65F2F17020555C7E002F47BE /* FREE */ = {
			isa = PBXGroup;
			children = (
				65F2F17120555C95002F47BE /* free.c */,
			);
			path = FREE;
			sourceTree = "<group>";
		};
		65F7165A207BA17800A62301 /* BubbleSort */ = {
			isa = PBXGroup;
			children = (
				65F7165B207BA1A100A62301 /* BubbleSort.c */,
			);
			path = BubbleSort;
			sourceTree = "<group>";
		};
		65F7165E207BABC800A62301 /* SelectionSort */ = {
			isa = PBXGroup;
			children = (
				65F7165F207BABDF00A62301 /* SelectionSort.c */,
			);
			path = SelectionSort;
			sourceTree = "<group>";
		};
/* End PBXGroup section */

/* Begin PBXNativeTarget section */
		6552D6302051733400D98226 /* DataStructure */ = {
			isa = PBXNativeTarget;
			buildConfigurationList = 6552D6382051733400D98226 /* Build configuration list for PBXNativeTarget "DataStructure" */;
			buildPhases = (
				6552D62D2051733400D98226 /* Sources */,
				6552D62E2051733400D98226 /* Frameworks */,
				6552D62F2051733400D98226 /* CopyFiles */,
			);
			buildRules = (
			);
			dependencies = (
			);
			name = DataStructure;
			productName = DataStructure;
			productReference = 6552D6312051733400D98226 /* DataStructure */;
			productType = "com.apple.product-type.tool";
		};
/* End PBXNativeTarget section */

/* Begin PBXProject section */
		6552D6292051733400D98226 /* Project object */ = {
			isa = PBXProject;
			attributes = {
				LastUpgradeCheck = 0920;
				ORGANIZATIONNAME = "LEE WON JIN";
				TargetAttributes = {
					6552D6302051733400D98226 = {
						CreatedOnToolsVersion = 9.2;
						ProvisioningStyle = Automatic;
					};
				};
			};
			buildConfigurationList = 6552D62C2051733400D98226 /* Build configuration list for PBXProject "DataStructure" */;
			compatibilityVersion = "Xcode 8.0";
			developmentRegion = en;
			hasScannedForEncodings = 0;
			knownRegions = (
				en,
			);
			mainGroup = 6552D6282051733400D98226;
			productRefGroup = 6552D6322051733400D98226 /* Products */;
			projectDirPath = "";
			projectRoot = "";
			targets = (
				6552D6302051733400D98226 /* DataStructure */,
			);
		};
/* End PBXProject section */

/* Begin PBXSourcesBuildPhase section */
		6552D62D2051733400D98226 /* Sources */ = {
			isa = PBXSourcesBuildPhase;
			buildActionMask = 2147483647;
			files = (
				65F056712082EF0F00BACB0B /* MergeSort.c in Sources */,
			);
			runOnlyForDeploymentPostprocessing = 0;
		};
/* End PBXSourcesBuildPhase section */

/* Begin XCBuildConfiguration section */
		6552D6362051733400D98226 /* Debug */ = {
			isa = XCBuildConfiguration;
			buildSettings = {
				ALWAYS_SEARCH_USER_PATHS = NO;
				CLANG_ANALYZER_NONNULL = YES;
				CLANG_ANALYZER_NUMBER_OBJECT_CONVERSION = YES_AGGRESSIVE;
				CLANG_CXX_LANGUAGE_STANDARD = "gnu++14";
				CLANG_CXX_LIBRARY = "libc++";
				CLANG_ENABLE_MODULES = YES;
				CLANG_ENABLE_OBJC_ARC = YES;
				CLANG_WARN_BLOCK_CAPTURE_AUTORELEASING = YES;
				CLANG_WARN_BOOL_CONVERSION = YES;
				CLANG_WARN_COMMA = YES;
				CLANG_WARN_CONSTANT_CONVERSION = YES;
				CLANG_WARN_DIRECT_OBJC_ISA_USAGE = YES_ERROR;
				CLANG_WARN_DOCUMENTATION_COMMENTS = YES;
				CLANG_WARN_EMPTY_BODY = YES;
				CLANG_WARN_ENUM_CONVERSION = YES;
				CLANG_WARN_INFINITE_RECURSION = YES;
				CLANG_WARN_INT_CONVERSION = YES;
				CLANG_WARN_NON_LITERAL_NULL_CONVERSION = YES;
				CLANG_WARN_OBJC_LITERAL_CONVERSION = YES;
				CLANG_WARN_OBJC_ROOT_CLASS = YES_ERROR;
				CLANG_WARN_RANGE_LOOP_ANALYSIS = YES;
				CLANG_WARN_STRICT_PROTOTYPES = YES;
				CLANG_WARN_SUSPICIOUS_MOVE = YES;
				CLANG_WARN_UNGUARDED_AVAILABILITY = YES_AGGRESSIVE;
				CLANG_WARN_UNREACHABLE_CODE = YES;
				CLANG_WARN__DUPLICATE_METHOD_MATCH = YES;
				CODE_SIGN_IDENTITY = "-";
				COPY_PHASE_STRIP = NO;
				DEBUG_INFORMATION_FORMAT = dwarf;
				ENABLE_STRICT_OBJC_MSGSEND = YES;
				ENABLE_TESTABILITY = YES;
				GCC_C_LANGUAGE_STANDARD = gnu11;
				GCC_DYNAMIC_NO_PIC = NO;
				GCC_NO_COMMON_BLOCKS = YES;
				GCC_OPTIMIZATION_LEVEL = 0;
				GCC_PREPROCESSOR_DEFINITIONS = (
					"DEBUG=1",
					"$(inherited)",
				);
				GCC_WARN_64_TO_32_BIT_CONVERSION = YES;
				GCC_WARN_ABOUT_RETURN_TYPE = YES_ERROR;
				GCC_WARN_UNDECLARED_SELECTOR = YES;
				GCC_WARN_UNINITIALIZED_AUTOS = YES_AGGRESSIVE;
				GCC_WARN_UNUSED_FUNCTION = YES;
				GCC_WARN_UNUSED_VARIABLE = YES;
				MACOSX_DEPLOYMENT_TARGET = 10.13;
				MTL_ENABLE_DEBUG_INFO = YES;
				ONLY_ACTIVE_ARCH = YES;
				SDKROOT = macosx;
			};
			name = Debug;
		};
		6552D6372051733400D98226 /* Release */ = {
			isa = XCBuildConfiguration;
			buildSettings = {
				ALWAYS_SEARCH_USER_PATHS = NO;
				CLANG_ANALYZER_NONNULL = YES;
				CLANG_ANALYZER_NUMBER_OBJECT_CONVERSION = YES_AGGRESSIVE;
				CLANG_CXX_LANGUAGE_STANDARD = "gnu++14";
				CLANG_CXX_LIBRARY = "libc++";
				CLANG_ENABLE_MODULES = YES;
				CLANG_ENABLE_OBJC_ARC = YES;
				CLANG_WARN_BLOCK_CAPTURE_AUTORELEASING = YES;
				CLANG_WARN_BOOL_CONVERSION = YES;
				CLANG_WARN_COMMA = YES;
				CLANG_WARN_CONSTANT_CONVERSION = YES;
				CLANG_WARN_DIRECT_OBJC_ISA_USAGE = YES_ERROR;
				CLANG_WARN_DOCUMENTATION_COMMENTS = YES;
				CLANG_WARN_EMPTY_BODY = YES;
				CLANG_WARN_ENUM_CONVERSION = YES;
				CLANG_WARN_INFINITE_RECURSION = YES;
				CLANG_WARN_INT_CONVERSION = YES;
				CLANG_WARN_NON_LITERAL_NULL_CONVERSION = YES;
				CLANG_WARN_OBJC_LITERAL_CONVERSION = YES;
				CLANG_WARN_OBJC_ROOT_CLASS = YES_ERROR;
				CLANG_WARN_RANGE_LOOP_ANALYSIS = YES;
				CLANG_WARN_STRICT_PROTOTYPES = YES;
				CLANG_WARN_SUSPICIOUS_MOVE = YES;
				CLANG_WARN_UNGUARDED_AVAILABILITY = YES_AGGRESSIVE;
				CLANG_WARN_UNREACHABLE_CODE = YES;
				CLANG_WARN__DUPLICATE_METHOD_MATCH = YES;
				CODE_SIGN_IDENTITY = "-";
				COPY_PHASE_STRIP = NO;
				DEBUG_INFORMATION_FORMAT = "dwarf-with-dsym";
				ENABLE_NS_ASSERTIONS = NO;
				ENABLE_STRICT_OBJC_MSGSEND = YES;
				GCC_C_LANGUAGE_STANDARD = gnu11;
				GCC_NO_COMMON_BLOCKS = YES;
				GCC_WARN_64_TO_32_BIT_CONVERSION = YES;
				GCC_WARN_ABOUT_RETURN_TYPE = YES_ERROR;
				GCC_WARN_UNDECLARED_SELECTOR = YES;
				GCC_WARN_UNINITIALIZED_AUTOS = YES_AGGRESSIVE;
				GCC_WARN_UNUSED_FUNCTION = YES;
				GCC_WARN_UNUSED_VARIABLE = YES;
				MACOSX_DEPLOYMENT_TARGET = 10.13;
				MTL_ENABLE_DEBUG_INFO = NO;
				SDKROOT = macosx;
			};
			name = Release;
		};
		6552D6392051733400D98226 /* Debug */ = {
			isa = XCBuildConfiguration;
			buildSettings = {
				CODE_SIGN_STYLE = Automatic;
				PRODUCT_NAME = "$(TARGET_NAME)";
			};
			name = Debug;
		};
		6552D63A2051733400D98226 /* Release */ = {
			isa = XCBuildConfiguration;
			buildSettings = {
				CODE_SIGN_STYLE = Automatic;
				PRODUCT_NAME = "$(TARGET_NAME)";
			};
			name = Release;
		};
/* End XCBuildConfiguration section */

/* Begin XCConfigurationList section */
		6552D62C2051733400D98226 /* Build configuration list for PBXProject "DataStructure" */ = {
			isa = XCConfigurationList;
			buildConfigurations = (
				6552D6362051733400D98226 /* Debug */,
				6552D6372051733400D98226 /* Release */,
			);
			defaultConfigurationIsVisible = 0;
			defaultConfigurationName = Release;
		};
		6552D6382051733400D98226 /* Build configuration list for PBXNativeTarget "DataStructure" */ = {
			isa = XCConfigurationList;
			buildConfigurations = (
				6552D6392051733400D98226 /* Debug */,
				6552D63A2051733400D98226 /* Release */,
			);
			defaultConfigurationIsVisible = 0;
			defaultConfigurationName = Release;
		};
/* End XCConfigurationList section */
	};
	rootObject = 6552D6292051733400D98226 /* Project object */;
}
